
Microsoft Visual Studio Solution File, Format Version 12.00
# Visual Studio Version 17
VisualStudioVersion = 17.4.33122.133
MinimumVisualStudioVersion = 10.0.40219.1
Project("{9A19103F-16F7-4668-BE54-9A1E7A4F7556}") = "Day1", "Day1\Day1.csproj", "{F4EF15C3-0587-4FAD-9A37-4BC9F28E2F45}"
EndProject
Project("{9A19103F-16F7-4668-BE54-9A1E7A4F7556}") = "Day2", "Day2\Day2.csproj", "{206CA037-9102-45C4-BEB4-C0C5FA8AEEB5}"
EndProject
Project("{9A19103F-16F7-4668-BE54-9A1E7A4F7556}") = "Day3", "Day3\Day3.csproj", "{AF8E7A28-4E09-4D9D-AE2F-13DBB55CC94A}"
EndProject
Project("{9A19103F-16F7-4668-BE54-9A1E7A4F7556}") = "Day4", "Day4\Day4.csproj", "{1461BEC9-639E-41B1-8E16-6431468E5F24}"
EndProject
Project("{9A19103F-16F7-4668-BE54-9A1E7A4F7556}") = "Day5", "Day5\Day5.csproj", "{A386E2EF-20C5-44FA-B9F3-8C8F55963FA4}"
EndProject
Project("{9A19103F-16F7-4668-BE54-9A1E7A4F7556}") = "Day6", "Day6\Day6.csproj", "{90ED45F0-EBE4-450C-AAF3-2DCC842AAFD5}"
EndProject
Project("{9A19103F-16F7-4668-BE54-9A1E7A4F7556}") = "Day7", "Day7\Day7.csproj", "{1E4C2D6B-FC5C-47E5-BBF3-CD21FD28A55B}"
EndProject
Project("{9A19103F-16F7-4668-BE54-9A1E7A4F7556}") = "Day8", "Day8\Day8.csproj", "{7538E7F3-77B1-42BF-A697-EEE7796B5E3E}"
EndProject
Project("{9A19103F-16F7-4668-BE54-9A1E7A4F7556}") = "Day9", "Day9\Day9.csproj", "{722FBFD8-9449-449F-8497-16A914E05110}"
EndProject
Project("{9A19103F-16F7-4668-BE54-9A1E7A4F7556}") = "Day10", "Day10\Day10.csproj", "{A395A61D-55CB-44E3-B3BD-7FA282CCED88}"
EndProject
Project("{9A19103F-16F7-4668-BE54-9A1E7A4F7556}") = "Day11", "Day11\Day11.csproj", "{5AEB4C46-5E4E-4C7F-BB2D-FEA357035903}"
EndProject
Project("{9A19103F-16F7-4668-BE54-9A1E7A4F7556}") = "Day12", "Day12\Day12.csproj", "{1A9BD658-FDF1-4EB6-A1F0-801E3A0F2FF2}"
EndProject
Project("{9A19103F-16F7-4668-BE54-9A1E7A4F7556}") = "Day13", "Day13\Day13.csproj", "{A4E9BA04-A03A-473D-8EB6-7C2235873AB8}"
EndProject
Project("{FAE04EC0-301F-11D3-BF4B-00C04F79EFBC}") = "Day14", "Day14\Day14.csproj", "{0E8CEE9A-DA91-4F6C-A25C-F87956F26AA8}"
EndProject
Global
	GlobalSection(SolutionConfigurationPlatforms) = preSolution
		Debug|Any CPU = Debug|Any CPU
		Release|Any CPU = Release|Any CPU
	EndGlobalSection
	GlobalSection(ProjectConfigurationPlatforms) = postSolution
		{F4EF15C3-0587-4FAD-9A37-4BC9F28E2F45}.Debug|Any CPU.ActiveCfg = Debug|Any CPU
		{F4EF15C3-0587-4FAD-9A37-4BC9F28E2F45}.Debug|Any CPU.Build.0 = Debug|Any CPU
		{F4EF15C3-0587-4FAD-9A37-4BC9F28E2F45}.Release|Any CPU.ActiveCfg = Release|Any CPU
		{F4EF15C3-0587-4FAD-9A37-4BC9F28E2F45}.Release|Any CPU.Build.0 = Release|Any CPU
		{206CA037-9102-45C4-BEB4-C0C5FA8AEEB5}.Debug|Any CPU.ActiveCfg = Debug|Any CPU
		{206CA037-9102-45C4-BEB4-C0C5FA8AEEB5}.Debug|Any CPU.Build.0 = Debug|Any CPU
		{206CA037-9102-45C4-BEB4-C0C5FA8AEEB5}.Release|Any CPU.ActiveCfg = Release|Any CPU
		{206CA037-9102-45C4-BEB4-C0C5FA8AEEB5}.Release|Any CPU.Build.0 = Release|Any CPU
		{AF8E7A28-4E09-4D9D-AE2F-13DBB55CC94A}.Debug|Any CPU.ActiveCfg = Debug|Any CPU
		{AF8E7A28-4E09-4D9D-AE2F-13DBB55CC94A}.Debug|Any CPU.Build.0 = Debug|Any CPU
		{AF8E7A28-4E09-4D9D-AE2F-13DBB55CC94A}.Release|Any CPU.ActiveCfg = Release|Any CPU
		{AF8E7A28-4E09-4D9D-AE2F-13DBB55CC94A}.Release|Any CPU.Build.0 = Release|Any CPU
		{1461BEC9-639E-41B1-8E16-6431468E5F24}.Debug|Any CPU.ActiveCfg = Debug|Any CPU
		{1461BEC9-639E-41B1-8E16-6431468E5F24}.Debug|Any CPU.Build.0 = Debug|Any CPU
		{1461BEC9-639E-41B1-8E16-6431468E5F24}.Release|Any CPU.ActiveCfg = Release|Any CPU
		{1461BEC9-639E-41B1-8E16-6431468E5F24}.Release|Any CPU.Build.0 = Release|Any CPU
		{A386E2EF-20C5-44FA-B9F3-8C8F55963FA4}.Debug|Any CPU.ActiveCfg = Debug|Any CPU
		{A386E2EF-20C5-44FA-B9F3-8C8F55963FA4}.Debug|Any CPU.Build.0 = Debug|Any CPU
		{A386E2EF-20C5-44FA-B9F3-8C8F55963FA4}.Release|Any CPU.ActiveCfg = Release|Any CPU
		{A386E2EF-20C5-44FA-B9F3-8C8F55963FA4}.Release|Any CPU.Build.0 = Release|Any CPU
		{90ED45F0-EBE4-450C-AAF3-2DCC842AAFD5}.Debug|Any CPU.ActiveCfg = Debug|Any CPU
		{90ED45F0-EBE4-450C-AAF3-2DCC842AAFD5}.Debug|Any CPU.Build.0 = Debug|Any CPU
		{90ED45F0-EBE4-450C-AAF3-2DCC842AAFD5}.Release|Any CPU.ActiveCfg = Release|Any CPU
		{90ED45F0-EBE4-450C-AAF3-2DCC842AAFD5}.Release|Any CPU.Build.0 = Release|Any CPU
		{1E4C2D6B-FC5C-47E5-BBF3-CD21FD28A55B}.Debug|Any CPU.ActiveCfg = Debug|Any CPU
		{1E4C2D6B-FC5C-47E5-BBF3-CD21FD28A55B}.Debug|Any CPU.Build.0 = Debug|Any CPU
		{1E4C2D6B-FC5C-47E5-BBF3-CD21FD28A55B}.Release|Any CPU.ActiveCfg = Release|Any CPU
		{1E4C2D6B-FC5C-47E5-BBF3-CD21FD28A55B}.Release|Any CPU.Build.0 = Release|Any CPU
		{7538E7F3-77B1-42BF-A697-EEE7796B5E3E}.Debug|Any CPU.ActiveCfg = Debug|Any CPU
		{7538E7F3-77B1-42BF-A697-EEE7796B5E3E}.Debug|Any CPU.Build.0 = Debug|Any CPU
		{7538E7F3-77B1-42BF-A697-EEE7796B5E3E}.Release|Any CPU.ActiveCfg = Release|Any CPU
		{7538E7F3-77B1-42BF-A697-EEE7796B5E3E}.Release|Any CPU.Build.0 = Release|Any CPU
		{722FBFD8-9449-449F-8497-16A914E05110}.Debug|Any CPU.ActiveCfg = Debug|Any CPU
		{722FBFD8-9449-449F-8497-16A914E05110}.Debug|Any CPU.Build.0 = Debug|Any CPU
		{722FBFD8-9449-449F-8497-16A914E05110}.Release|Any CPU.ActiveCfg = Release|Any CPU
		{722FBFD8-9449-449F-8497-16A914E05110}.Release|Any CPU.Build.0 = Release|Any CPU
		{A395A61D-55CB-44E3-B3BD-7FA282CCED88}.Debug|Any CPU.ActiveCfg = Debug|Any CPU
		{A395A61D-55CB-44E3-B3BD-7FA282CCED88}.Debug|Any CPU.Build.0 = Debug|Any CPU
		{A395A61D-55CB-44E3-B3BD-7FA282CCED88}.Release|Any CPU.ActiveCfg = Release|Any CPU
		{A395A61D-55CB-44E3-B3BD-7FA282CCED88}.Release|Any CPU.Build.0 = Release|Any CPU
		{5AEB4C46-5E4E-4C7F-BB2D-FEA357035903}.Debug|Any CPU.ActiveCfg = Debug|Any CPU
		{5AEB4C46-5E4E-4C7F-BB2D-FEA357035903}.Debug|Any CPU.Build.0 = Debug|Any CPU
		{5AEB4C46-5E4E-4C7F-BB2D-FEA357035903}.Release|Any CPU.ActiveCfg = Release|Any CPU
		{5AEB4C46-5E4E-4C7F-BB2D-FEA357035903}.Release|Any CPU.Build.0 = Release|Any CPU
		{1A9BD658-FDF1-4EB6-A1F0-801E3A0F2FF2}.Debug|Any CPU.ActiveCfg = Debug|Any CPU
		{1A9BD658-FDF1-4EB6-A1F0-801E3A0F2FF2}.Debug|Any CPU.Build.0 = Debug|Any CPU
		{1A9BD658-FDF1-4EB6-A1F0-801E3A0F2FF2}.Release|Any CPU.ActiveCfg = Release|Any CPU
		{1A9BD658-FDF1-4EB6-A1F0-801E3A0F2FF2}.Release|Any CPU.Build.0 = Release|Any CPU
		{A4E9BA04-A03A-473D-8EB6-7C2235873AB8}.Debug|Any CPU.ActiveCfg = Debug|Any CPU
		{A4E9BA04-A03A-473D-8EB6-7C2235873AB8}.Debug|Any CPU.Build.0 = Debug|Any CPU
		{A4E9BA04-A03A-473D-8EB6-7C2235873AB8}.Release|Any CPU.ActiveCfg = Release|Any CPU
		{A4E9BA04-A03A-473D-8EB6-7C2235873AB8}.Release|Any CPU.Build.0 = Release|Any CPU
		{0E8CEE9A-DA91-4F6C-A25C-F87956F26AA8}.Debug|Any CPU.ActiveCfg = Debug|Any CPU
		{0E8CEE9A-DA91-4F6C-A25C-F87956F26AA8}.Debug|Any CPU.Build.0 = Debug|Any CPU
		{0E8CEE9A-DA91-4F6C-A25C-F87956F26AA8}.Release|Any CPU.ActiveCfg = Release|Any CPU
		{0E8CEE9A-DA91-4F6C-A25C-F87956F26AA8}.Release|Any CPU.Build.0 = Release|Any CPU
	EndGlobalSection
	GlobalSection(SolutionProperties) = preSolution
		HideSolutionNode = FALSE
	EndGlobalSection
	GlobalSection(ExtensibilityGlobals) = postSolution
		SolutionGuid = {1D17CFF6-9B6B-4A68-9494-8C55416BCFC6}
	EndGlobalSection
EndGlobal
